// !$*UTF8*$!
{
	archiveVersion = 1;
	classes = {
	};
	objectVersion = 56;
	objects = {

/* Begin PBXBuildFile section */
		6AB0A22A2F1E56E100FA8738 /* ApplicationSampleApp.swift in Sources */ = {isa = PBXBuildFile; fileRef = 6AB0A2292F1E56E100FA8738 /* ApplicationSampleApp.swift */; };
		6AB0A22C2F1E56E100FA8738 /* ContentView.swift in Sources */ = {isa = PBXBuildFile; fileRef = 6AB0A22B2F1E56E100FA8738 /* ContentView.swift */; };
		6AB0A22E2F1E56E300FA8738 /* Assets.xcassets in Resources */ = {isa = PBXBuildFile; fileRef = 6AB0A22D2F1E56E300FA8738 /* Assets.xcassets */; };
		6AB0A2312F1E56E300FA8738 /* Preview Assets.xcassets in Resources */ = {isa = PBXBuildFile; fileRef = 6AB0A2302F1E56E300FA8738 /* Preview Assets.xcassets */; };
		6AB0A23B2F1E56E400FA8738 /* ApplicationSampleTests.swift in Sources */ = {isa = PBXBuildFile; fileRef = 6AB0A23A2F1E56E400FA8738 /* ApplicationSampleTests.swift */; };
		6AB0A2452F1E56E400FA8738 /* ApplicationSampleUITests.swift in Sources */ = {isa = PBXBuildFile; fileRef = 6AB0A2442F1E56E400FA8738 /* ApplicationSampleUITests.swift */; };
		6AB0A2472F1E56E400FA8738 /* ApplicationSampleUITestsLaunchTests.swift in Sources */ = {isa = PBXBuildFile; fileRef = 6AB0A2462F1E56E400FA8738 /* ApplicationSampleUITestsLaunchTests.swift */; };
		6AB0A2552F1E597100FA8738 /* EndpointUrl.swift in Sources */ = {isa = PBXBuildFile; fileRef = 6AB0A2542F1E597100FA8738 /* EndpointUrl.swift */; };
		6AB0A2572F1E62F500FA8738 /* APIError.swift in Sources */ = {isa = PBXBuildFile; fileRef = 6AB0A2562F1E62F500FA8738 /* APIError.swift */; };
		6AB0A2592F1E638200FA8738 /* NetworkServiceProtocal.swift in Sources */ = {isa = PBXBuildFile; fileRef = 6AB0A2582F1E638200FA8738 /* NetworkServiceProtocal.swift */; };
		6AB0A25B2F1E640F00FA8738 /* NetworkService.swift in Sources */ = {isa = PBXBuildFile; fileRef = 6AB0A25A2F1E640F00FA8738 /* NetworkService.swift */; };
		6AB0A25D2F1E6F3400FA8738 /* UserRepository.swift in Sources */ = {isa = PBXBuildFile; fileRef = 6AB0A25C2F1E6F3400FA8738 /* UserRepository.swift */; };
		6AB0A25F2F1E6F4B00FA8738 /* UserRepositoryProtocal.swift in Sources */ = {isa = PBXBuildFile; fileRef = 6AB0A25E2F1E6F4B00FA8738 /* UserRepositoryProtocal.swift */; };
		6AB0A2612F1E6F7D00FA8738 /* User.swift in Sources */ = {isa = PBXBuildFile; fileRef = 6AB0A2602F1E6F7D00FA8738 /* User.swift */; };
		6AB0A2632F1E73C100FA8738 /* FetchUserUseCase.swift in Sources */ = {isa = PBXBuildFile; fileRef = 6AB0A2622F1E73C100FA8738 /* FetchUserUseCase.swift */; };
		6AB0A2652F1E73D100FA8738 /* FetchUserUsecaseProtocal.swift in Sources */ = {isa = PBXBuildFile; fileRef = 6AB0A2642F1E73D100FA8738 /* FetchUserUsecaseProtocal.swift */; };
		6AB0A2672F1E7AA500FA8738 /* UserViewModel.swift in Sources */ = {isa = PBXBuildFile; fileRef = 6AB0A2662F1E7AA500FA8738 /* UserViewModel.swift */; };
		6AB0A2692F1E7ABC00FA8738 /* UserViewmodelProtocal.swift in Sources */ = {isa = PBXBuildFile; fileRef = 6AB0A2682F1E7ABC00FA8738 /* UserViewmodelProtocal.swift */; };
		6AB0A26B2F1E7C9000FA8738 /* Loadingstate.swift in Sources */ = {isa = PBXBuildFile; fileRef = 6AB0A26A2F1E7C9000FA8738 /* Loadingstate.swift */; };
		6AB0A26D2F1E877400FA8738 /* Appdependancy.swift in Sources */ = {isa = PBXBuildFile; fileRef = 6AB0A26C2F1E877400FA8738 /* Appdependancy.swift */; };
		6AB0A2722F1F17CA00FA8738 /* New.swift in Sources */ = {isa = PBXBuildFile; fileRef = 6AB0A2712F1F17CA00FA8738 /* New.swift */; };
		6AB0A2752F1F21E400FA8738 /* EndpointTests.swift in Sources */ = {isa = PBXBuildFile; fileRef = 6AB0A2742F1F21E400FA8738 /* EndpointTests.swift */; };
		6AB0A2772F1F22BC00FA8738 /* Mocknetworkservice.swift in Sources */ = {isa = PBXBuildFile; fileRef = 6AB0A2762F1F22BC00FA8738 /* Mocknetworkservice.swift */; };
		6AB0A2792F1F238D00FA8738 /* UserRepositorytests.swift in Sources */ = {isa = PBXBuildFile; fileRef = 6AB0A2782F1F238D00FA8738 /* UserRepositorytests.swift */; };
		6AB0A27C2F1F24A700FA8738 /* FetchUserusecaseTests.swift in Sources */ = {isa = PBXBuildFile; fileRef = 6AB0A27B2F1F24A700FA8738 /* FetchUserusecaseTests.swift */; };
		6AB0A27E2F1F263E00FA8738 /* MockUserRepository.swift in Sources */ = {isa = PBXBuildFile; fileRef = 6AB0A27D2F1F263E00FA8738 /* MockUserRepository.swift */; };
		6AB0A2802F1F26B700FA8738 /* UserviewmodelTests.swift in Sources */ = {isa = PBXBuildFile; fileRef = 6AB0A27F2F1F26B700FA8738 /* UserviewmodelTests.swift */; };
/* End PBXBuildFile section */

/* Begin PBXContainerItemProxy section */
		6AB0A2372F1E56E400FA8738 /* PBXContainerItemProxy */ = {
			isa = PBXContainerItemProxy;
			containerPortal = 6AB0A21E2F1E56E100FA8738 /* Project object */;
			proxyType = 1;
			remoteGlobalIDString = 6AB0A2252F1E56E100FA8738;
			remoteInfo = ApplicationSample;
		};
		6AB0A2412F1E56E400FA8738 /* PBXContainerItemProxy */ = {
			isa = PBXContainerItemProxy;
			containerPortal = 6AB0A21E2F1E56E100FA8738 /* Project object */;
			proxyType = 1;
			remoteGlobalIDString = 6AB0A2252F1E56E100FA8738;
			remoteInfo = ApplicationSample;
		};
/* End PBXContainerItemProxy section */

/* Begin PBXFileReference section */
		6AB0A2262F1E56E100FA8738 /* ApplicationSample.app */ = {isa = PBXFileReference; explicitFileType = wrapper.application; includeInIndex = 0; path = ApplicationSample.app; sourceTree = BUILT_PRODUCTS_DIR; };
		6AB0A2292F1E56E100FA8738 /* ApplicationSampleApp.swift */ = {isa = PBXFileReference; lastKnownFileType = sourcecode.swift; path = ApplicationSampleApp.swift; sourceTree = "<group>"; };
		6AB0A22B2F1E56E100FA8738 /* ContentView.swift */ = {isa = PBXFileReference; lastKnownFileType = sourcecode.swift; path = ContentView.swift; sourceTree = "<group>"; };
		6AB0A22D2F1E56E300FA8738 /* Assets.xcassets */ = {isa = PBXFileReference; lastKnownFileType = folder.assetcatalog; path = Assets.xcassets; sourceTree = "<group>"; };
		6AB0A2302F1E56E300FA8738 /* Preview Assets.xcassets */ = {isa = PBXFileReference; lastKnownFileType = folder.assetcatalog; path = "Preview Assets.xcassets"; sourceTree = "<group>"; };
		6AB0A2362F1E56E400FA8738 /* ApplicationSampleTests.xctest */ = {isa = PBXFileReference; explicitFileType = wrapper.cfbundle; includeInIndex = 0; path = ApplicationSampleTests.xctest; sourceTree = BUILT_PRODUCTS_DIR; };
		6AB0A23A2F1E56E400FA8738 /* ApplicationSampleTests.swift */ = {isa = PBXFileReference; lastKnownFileType = sourcecode.swift; path = ApplicationSampleTests.swift; sourceTree = "<group>"; };
		6AB0A2402F1E56E400FA8738 /* ApplicationSampleUITests.xctest */ = {isa = PBXFileReference; explicitFileType = wrapper.cfbundle; includeInIndex = 0; path = ApplicationSampleUITests.xctest; sourceTree = BUILT_PRODUCTS_DIR; };
		6AB0A2442F1E56E400FA8738 /* ApplicationSampleUITests.swift */ = {isa = PBXFileReference; lastKnownFileType = sourcecode.swift; path = ApplicationSampleUITests.swift; sourceTree = "<group>"; };
		6AB0A2462F1E56E400FA8738 /* ApplicationSampleUITestsLaunchTests.swift */ = {isa = PBXFileReference; lastKnownFileType = sourcecode.swift; path = ApplicationSampleUITestsLaunchTests.swift; sourceTree = "<group>"; };
		6AB0A2542F1E597100FA8738 /* EndpointUrl.swift */ = {isa = PBXFileReference; lastKnownFileType = sourcecode.swift; path = EndpointUrl.swift; sourceTree = "<group>"; };
		6AB0A2562F1E62F500FA8738 /* APIError.swift */ = {isa = PBXFileReference; lastKnownFileType = sourcecode.swift; path = APIError.swift; sourceTree = "<group>"; };
		6AB0A2582F1E638200FA8738 /* NetworkServiceProtocal.swift */ = {isa = PBXFileReference; lastKnownFileType = sourcecode.swift; path = NetworkServiceProtocal.swift; sourceTree = "<group>"; };
		6AB0A25A2F1E640F00FA8738 /* NetworkService.swift */ = {isa = PBXFileReference; lastKnownFileType = sourcecode.swift; path = NetworkService.swift; sourceTree = "<group>"; };
		6AB0A25C2F1E6F3400FA8738 /* UserRepository.swift */ = {isa = PBXFileReference; lastKnownFileType = sourcecode.swift; path = UserRepository.swift; sourceTree = "<group>"; };
		6AB0A25E2F1E6F4B00FA8738 /* UserRepositoryProtocal.swift */ = {isa = PBXFileReference; lastKnownFileType = sourcecode.swift; path = UserRepositoryProtocal.swift; sourceTree = "<group>"; };
		6AB0A2602F1E6F7D00FA8738 /* User.swift */ = {isa = PBXFileReference; lastKnownFileType = sourcecode.swift; path = User.swift; sourceTree = "<group>"; };
		6AB0A2622F1E73C100FA8738 /* FetchUserUseCase.swift */ = {isa = PBXFileReference; lastKnownFileType = sourcecode.swift; path = FetchUserUseCase.swift; sourceTree = "<group>"; };
		6AB0A2642F1E73D100FA8738 /* FetchUserUsecaseProtocal.swift */ = {isa = PBXFileReference; lastKnownFileType = sourcecode.swift; path = FetchUserUsecaseProtocal.swift; sourceTree = "<group>"; };
		6AB0A2662F1E7AA500FA8738 /* UserViewModel.swift */ = {isa = PBXFileReference; lastKnownFileType = sourcecode.swift; path = UserViewModel.swift; sourceTree = "<group>"; };
		6AB0A2682F1E7ABC00FA8738 /* UserViewmodelProtocal.swift */ = {isa = PBXFileReference; lastKnownFileType = sourcecode.swift; path = UserViewmodelProtocal.swift; sourceTree = "<group>"; };
		6AB0A26A2F1E7C9000FA8738 /* Loadingstate.swift */ = {isa = PBXFileReference; lastKnownFileType = sourcecode.swift; path = Loadingstate.swift; sourceTree = "<group>"; };
		6AB0A26C2F1E877400FA8738 /* Appdependancy.swift */ = {isa = PBXFileReference; lastKnownFileType = sourcecode.swift; path = Appdependancy.swift; sourceTree = "<group>"; };
		6AB0A2712F1F17CA00FA8738 /* New.swift */ = {isa = PBXFileReference; lastKnownFileType = sourcecode.swift; path = New.swift; sourceTree = "<group>"; };
		6AB0A2742F1F21E400FA8738 /* EndpointTests.swift */ = {isa = PBXFileReference; lastKnownFileType = sourcecode.swift; path = EndpointTests.swift; sourceTree = "<group>"; };
		6AB0A2762F1F22BC00FA8738 /* Mocknetworkservice.swift */ = {isa = PBXFileReference; lastKnownFileType = sourcecode.swift; path = Mocknetworkservice.swift; sourceTree = "<group>"; };
		6AB0A2782F1F238D00FA8738 /* UserRepositorytests.swift */ = {isa = PBXFileReference; lastKnownFileType = sourcecode.swift; path = UserRepositorytests.swift; sourceTree = "<group>"; };
		6AB0A27B2F1F24A700FA8738 /* FetchUserusecaseTests.swift */ = {isa = PBXFileReference; lastKnownFileType = sourcecode.swift; path = FetchUserusecaseTests.swift; sourceTree = "<group>"; };
		6AB0A27D2F1F263E00FA8738 /* MockUserRepository.swift */ = {isa = PBXFileReference; lastKnownFileType = sourcecode.swift; path = MockUserRepository.swift; sourceTree = "<group>"; };
		6AB0A27F2F1F26B700FA8738 /* UserviewmodelTests.swift */ = {isa = PBXFileReference; lastKnownFileType = sourcecode.swift; path = UserviewmodelTests.swift; sourceTree = "<group>"; };
/* End PBXFileReference section */

/* Begin PBXFrameworksBuildPhase section */
		6AB0A2232F1E56E100FA8738 /* Frameworks */ = {
			isa = PBXFrameworksBuildPhase;
			buildActionMask = 2147483647;
			files = (
			);
			runOnlyForDeploymentPostprocessing = 0;
		};
		6AB0A2332F1E56E400FA8738 /* Frameworks */ = {
			isa = PBXFrameworksBuildPhase;
			buildActionMask = 2147483647;
			files = (
			);
			runOnlyForDeploymentPostprocessing = 0;
		};
		6AB0A23D2F1E56E400FA8738 /* Frameworks */ = {
			isa = PBXFrameworksBuildPhase;
			buildActionMask = 2147483647;
			files = (
			);
			runOnlyForDeploymentPostprocessing = 0;
		};
/* End PBXFrameworksBuildPhase section */

/* Begin PBXGroup section */
		6AB0A21D2F1E56E100FA8738 = {
			isa = PBXGroup;
			children = (
				6AB0A2282F1E56E100FA8738 /* ApplicationSample */,
				6AB0A2392F1E56E400FA8738 /* ApplicationSampleTests */,
				6AB0A2432F1E56E400FA8738 /* ApplicationSampleUITests */,
				6AB0A2272F1E56E100FA8738 /* Products */,
			);
			sourceTree = "<group>";
		};
		6AB0A2272F1E56E100FA8738 /* Products */ = {
			isa = PBXGroup;
			children = (
				6AB0A2262F1E56E100FA8738 /* ApplicationSample.app */,
				6AB0A2362F1E56E400FA8738 /* ApplicationSampleTests.xctest */,
				6AB0A2402F1E56E400FA8738 /* ApplicationSampleUITests.xctest */,
			);
			name = Products;
			sourceTree = "<group>";
		};
		6AB0A2282F1E56E100FA8738 /* ApplicationSample */ = {
			isa = PBXGroup;
			children = (
				6AB0A2292F1E56E100FA8738 /* ApplicationSampleApp.swift */,
				6AB0A2712F1F17CA00FA8738 /* New.swift */,
				6AB0A22B2F1E56E100FA8738 /* ContentView.swift */,
				6AB0A2702F1E9AED00FA8738 /* Appdependency */,
				6AB0A26F2F1E9AC900FA8738 /* DomainLayer */,
				6AB0A26E2F1E9AC000FA8738 /* PresentationLayer */,
				6AB0A2532F1E594900FA8738 /* DataLayer */,
				6AB0A22D2F1E56E300FA8738 /* Assets.xcassets */,
				6AB0A22F2F1E56E300FA8738 /* Preview Content */,
			);
			path = ApplicationSample;
			sourceTree = "<group>";
		};
		6AB0A22F2F1E56E300FA8738 /* Preview Content */ = {
			isa = PBXGroup;
			children = (
				6AB0A2302F1E56E300FA8738 /* Preview Assets.xcassets */,
			);
			path = "Preview Content";
			sourceTree = "<group>";
		};
		6AB0A2392F1E56E400FA8738 /* ApplicationSampleTests */ = {
			isa = PBXGroup;
			children = (
				6AB0A2732F1F21D000FA8738 /* Testcases */,
				6AB0A23A2F1E56E400FA8738 /* ApplicationSampleTests.swift */,
			);
			path = ApplicationSampleTests;
			sourceTree = "<group>";
		};
		6AB0A2432F1E56E400FA8738 /* ApplicationSampleUITests */ = {
			isa = PBXGroup;
			children = (
				6AB0A2442F1E56E400FA8738 /* ApplicationSampleUITests.swift */,
				6AB0A2462F1E56E400FA8738 /* ApplicationSampleUITestsLaunchTests.swift */,
			);
			path = ApplicationSampleUITests;
			sourceTree = "<group>";
		};
		6AB0A2532F1E594900FA8738 /* DataLayer */ = {
			isa = PBXGroup;
			children = (
				6AB0A2542F1E597100FA8738 /* EndpointUrl.swift */,
				6AB0A2562F1E62F500FA8738 /* APIError.swift */,
				6AB0A2582F1E638200FA8738 /* NetworkServiceProtocal.swift */,
				6AB0A25A2F1E640F00FA8738 /* NetworkService.swift */,
				6AB0A25C2F1E6F3400FA8738 /* UserRepository.swift */,
			);
			path = DataLayer;
			sourceTree = "<group>";
		};
		6AB0A26E2F1E9AC000FA8738 /* PresentationLayer */ = {
			isa = PBXGroup;
			children = (
				6AB0A2662F1E7AA500FA8738 /* UserViewModel.swift */,
				6AB0A2682F1E7ABC00FA8738 /* UserViewmodelProtocal.swift */,
				6AB0A26A2F1E7C9000FA8738 /* Loadingstate.swift */,
			);
			path = PresentationLayer;
			sourceTree = "<group>";
		};
		6AB0A26F2F1E9AC900FA8738 /* DomainLayer */ = {
			isa = PBXGroup;
			children = (
				6AB0A25E2F1E6F4B00FA8738 /* UserRepositoryProtocal.swift */,
				6AB0A2602F1E6F7D00FA8738 /* User.swift */,
				6AB0A2622F1E73C100FA8738 /* FetchUserUseCase.swift */,
				6AB0A2642F1E73D100FA8738 /* FetchUserUsecaseProtocal.swift */,
			);
			path = DomainLayer;
			sourceTree = "<group>";
		};
		6AB0A2702F1E9AED00FA8738 /* Appdependency */ = {
			isa = PBXGroup;
			children = (
				6AB0A26C2F1E877400FA8738 /* Appdependancy.swift */,
			);
			path = Appdependency;
			sourceTree = "<group>";
		};
		6AB0A2732F1F21D000FA8738 /* Testcases */ = {
			isa = PBXGroup;
			children = (
				6AB0A27A2F1F246F00FA8738 /* Mocks */,
				6AB0A2742F1F21E400FA8738 /* EndpointTests.swift */,
				6AB0A27F2F1F26B700FA8738 /* UserviewmodelTests.swift */,
				6AB0A2782F1F238D00FA8738 /* UserRepositorytests.swift */,
				6AB0A27B2F1F24A700FA8738 /* FetchUserusecaseTests.swift */,
			);
			path = Testcases;
			sourceTree = "<group>";
		};
		6AB0A27A2F1F246F00FA8738 /* Mocks */ = {
			isa = PBXGroup;
			children = (
				6AB0A2762F1F22BC00FA8738 /* Mocknetworkservice.swift */,
				6AB0A27D2F1F263E00FA8738 /* MockUserRepository.swift */,
			);
			path = Mocks;
			sourceTree = "<group>";
		};
/* End PBXGroup section */

/* Begin PBXNativeTarget section */
		6AB0A2252F1E56E100FA8738 /* ApplicationSample */ = {
			isa = PBXNativeTarget;
			buildConfigurationList = 6AB0A24A2F1E56E400FA8738 /* Build configuration list for PBXNativeTarget "ApplicationSample" */;
			buildPhases = (
				6AB0A2222F1E56E100FA8738 /* Sources */,
				6AB0A2232F1E56E100FA8738 /* Frameworks */,
				6AB0A2242F1E56E100FA8738 /* Resources */,
			);
			buildRules = (
			);
			dependencies = (
			);
			name = ApplicationSample;
			productName = ApplicationSample;
			productReference = 6AB0A2262F1E56E100FA8738 /* ApplicationSample.app */;
			productType = "com.apple.product-type.application";
		};
		6AB0A2352F1E56E400FA8738 /* ApplicationSampleTests */ = {
			isa = PBXNativeTarget;
			buildConfigurationList = 6AB0A24D2F1E56E400FA8738 /* Build configuration list for PBXNativeTarget "ApplicationSampleTests" */;
			buildPhases = (
				6AB0A2322F1E56E400FA8738 /* Sources */,
				6AB0A2332F1E56E400FA8738 /* Frameworks */,
				6AB0A2342F1E56E400FA8738 /* Resources */,
			);
			buildRules = (
			);
			dependencies = (
				6AB0A2382F1E56E400FA8738 /* PBXTargetDependency */,
			);
			name = ApplicationSampleTests;
			productName = ApplicationSampleTests;
			productReference = 6AB0A2362F1E56E400FA8738 /* ApplicationSampleTests.xctest */;
			productType = "com.apple.product-type.bundle.unit-test";
		};
		6AB0A23F2F1E56E400FA8738 /* ApplicationSampleUITests */ = {
			isa = PBXNativeTarget;
			buildConfigurationList = 6AB0A2502F1E56E400FA8738 /* Build configuration list for PBXNativeTarget "ApplicationSampleUITests" */;
			buildPhases = (
				6AB0A23C2F1E56E400FA8738 /* Sources */,
				6AB0A23D2F1E56E400FA8738 /* Frameworks */,
				6AB0A23E2F1E56E400FA8738 /* Resources */,
			);
			buildRules = (
			);
			dependencies = (
				6AB0A2422F1E56E400FA8738 /* PBXTargetDependency */,
			);
			name = ApplicationSampleUITests;
			productName = ApplicationSampleUITests;
			productReference = 6AB0A2402F1E56E400FA8738 /* ApplicationSampleUITests.xctest */;
			productType = "com.apple.product-type.bundle.ui-testing";
		};
/* End PBXNativeTarget section */

/* Begin PBXProject section */
		6AB0A21E2F1E56E100FA8738 /* Project object */ = {
			isa = PBXProject;
			attributes = {
				BuildIndependentTargetsInParallel = 1;
				LastSwiftUpdateCheck = 1540;
				LastUpgradeCheck = 1540;
				TargetAttributes = {
					6AB0A2252F1E56E100FA8738 = {
						CreatedOnToolsVersion = 15.4;
					};
					6AB0A2352F1E56E400FA8738 = {
						CreatedOnToolsVersion = 15.4;
						TestTargetID = 6AB0A2252F1E56E100FA8738;
					};
					6AB0A23F2F1E56E400FA8738 = {
						CreatedOnToolsVersion = 15.4;
						TestTargetID = 6AB0A2252F1E56E100FA8738;
					};
				};
			};
			buildConfigurationList = 6AB0A2212F1E56E100FA8738 /* Build configuration list for PBXProject "ApplicationSample" */;
			compatibilityVersion = "Xcode 14.0";
			developmentRegion = en;
			hasScannedForEncodings = 0;
			knownRegions = (
				en,
				Base,
			);
			mainGroup = 6AB0A21D2F1E56E100FA8738;
			productRefGroup = 6AB0A2272F1E56E100FA8738 /* Products */;
			projectDirPath = "";
			projectRoot = "";
			targets = (
				6AB0A2252F1E56E100FA8738 /* ApplicationSample */,
				6AB0A2352F1E56E400FA8738 /* ApplicationSampleTests */,
				6AB0A23F2F1E56E400FA8738 /* ApplicationSampleUITests */,
			);
		};
/* End PBXProject section */

/* Begin PBXResourcesBuildPhase section */
		6AB0A2242F1E56E100FA8738 /* Resources */ = {
			isa = PBXResourcesBuildPhase;
			buildActionMask = 2147483647;
			files = (
				6AB0A2312F1E56E300FA8738 /* Preview Assets.xcassets in Resources */,
				6AB0A22E2F1E56E300FA8738 /* Assets.xcassets in Resources */,
			);
			runOnlyForDeploymentPostprocessing = 0;
		};
		6AB0A2342F1E56E400FA8738 /* Resources */ = {
			isa = PBXResourcesBuildPhase;
			buildActionMask = 2147483647;
			files = (
			);
			runOnlyForDeploymentPostprocessing = 0;
		};
		6AB0A23E2F1E56E400FA8738 /* Resources */ = {
			isa = PBXResourcesBuildPhase;
			buildActionMask = 2147483647;
			files = (
			);
			runOnlyForDeploymentPostprocessing = 0;
		};
/* End PBXResourcesBuildPhase section */

/* Begin PBXSourcesBuildPhase section */
		6AB0A2222F1E56E100FA8738 /* Sources */ = {
			isa = PBXSourcesBuildPhase;
			buildActionMask = 2147483647;
			files = (
				6AB0A26B2F1E7C9000FA8738 /* Loadingstate.swift in Sources */,
				6AB0A22C2F1E56E100FA8738 /* ContentView.swift in Sources */,
				6AB0A2672F1E7AA500FA8738 /* UserViewModel.swift in Sources */,
				6AB0A2592F1E638200FA8738 /* NetworkServiceProtocal.swift in Sources */,
				6AB0A25F2F1E6F4B00FA8738 /* UserRepositoryProtocal.swift in Sources */,
				6AB0A26D2F1E877400FA8738 /* Appdependancy.swift in Sources */,
				6AB0A2572F1E62F500FA8738 /* APIError.swift in Sources */,
				6AB0A25D2F1E6F3400FA8738 /* UserRepository.swift in Sources */,
				6AB0A2612F1E6F7D00FA8738 /* User.swift in Sources */,
				6AB0A22A2F1E56E100FA8738 /* ApplicationSampleApp.swift in Sources */,
				6AB0A25B2F1E640F00FA8738 /* NetworkService.swift in Sources */,
				6AB0A2692F1E7ABC00FA8738 /* UserViewmodelProtocal.swift in Sources */,
				6AB0A2552F1E597100FA8738 /* EndpointUrl.swift in Sources */,
				6AB0A2632F1E73C100FA8738 /* FetchUserUseCase.swift in Sources */,
				6AB0A2722F1F17CA00FA8738 /* New.swift in Sources */,
				6AB0A2652F1E73D100FA8738 /* FetchUserUsecaseProtocal.swift in Sources */,
			);
			runOnlyForDeploymentPostprocessing = 0;
		};
		6AB0A2322F1E56E400FA8738 /* Sources */ = {
			isa = PBXSourcesBuildPhase;
			buildActionMask = 2147483647;
			files = (
				6AB0A27E2F1F263E00FA8738 /* MockUserRepository.swift in Sources */,
				6AB0A27C2F1F24A700FA8738 /* FetchUserusecaseTests.swift in Sources */,
				6AB0A2802F1F26B700FA8738 /* UserviewmodelTests.swift in Sources */,
				6AB0A2752F1F21E400FA8738 /* EndpointTests.swift in Sources */,
				6AB0A23B2F1E56E400FA8738 /* ApplicationSampleTests.swift in Sources */,
				6AB0A2792F1F238D00FA8738 /* UserRepositorytests.swift in Sources */,
				6AB0A2772F1F22BC00FA8738 /* Mocknetworkservice.swift in Sources */,
			);
			runOnlyForDeploymentPostprocessing = 0;
		};
		6AB0A23C2F1E56E400FA8738 /* Sources */ = {
			isa = PBXSourcesBuildPhase;
			buildActionMask = 2147483647;
			files = (
				6AB0A2452F1E56E400FA8738 /* ApplicationSampleUITests.swift in Sources */,
				6AB0A2472F1E56E400FA8738 /* ApplicationSampleUITestsLaunchTests.swift in Sources */,
			);
			runOnlyForDeploymentPostprocessing = 0;
		};
/* End PBXSourcesBuildPhase section */

/* Begin PBXTargetDependency section */
		6AB0A2382F1E56E400FA8738 /* PBXTargetDependency */ = {
			isa = PBXTargetDependency;
			target = 6AB0A2252F1E56E100FA8738 /* ApplicationSample */;
			targetProxy = 6AB0A2372F1E56E400FA8738 /* PBXContainerItemProxy */;
		};
		6AB0A2422F1E56E400FA8738 /* PBXTargetDependency */ = {
			isa = PBXTargetDependency;
			target = 6AB0A2252F1E56E100FA8738 /* ApplicationSample */;
			targetProxy = 6AB0A2412F1E56E400FA8738 /* PBXContainerItemProxy */;
		};
/* End PBXTargetDependency section */

/* Begin XCBuildConfiguration section */
		6AB0A2482F1E56E400FA8738 /* Debug */ = {
			isa = XCBuildConfiguration;
			buildSettings = {
				ALWAYS_SEARCH_USER_PATHS = NO;
				ASSETCATALOG_COMPILER_GENERATE_SWIFT_ASSET_SYMBOL_EXTENSIONS = YES;
				CLANG_ANALYZER_NONNULL = YES;
				CLANG_ANALYZER_NUMBER_OBJECT_CONVERSION = YES_AGGRESSIVE;
				CLANG_CXX_LANGUAGE_STANDARD = "gnu++20";
				CLANG_ENABLE_MODULES = YES;
				CLANG_ENABLE_OBJC_ARC = YES;
				CLANG_ENABLE_OBJC_WEAK = YES;
				CLANG_WARN_BLOCK_CAPTURE_AUTORELEASING = YES;
				CLANG_WARN_BOOL_CONVERSION = YES;
				CLANG_WARN_COMMA = YES;
				CLANG_WARN_CONSTANT_CONVERSION = YES;
				CLANG_WARN_DEPRECATED_OBJC_IMPLEMENTATIONS = YES;
				CLANG_WARN_DIRECT_OBJC_ISA_USAGE = YES_ERROR;
				CLANG_WARN_DOCUMENTATION_COMMENTS = YES;
				CLANG_WARN_EMPTY_BODY = YES;
				CLANG_WARN_ENUM_CONVERSION = YES;
				CLANG_WARN_INFINITE_RECURSION = YES;
				CLANG_WARN_INT_CONVERSION = YES;
				CLANG_WARN_NON_LITERAL_NULL_CONVERSION = YES;
				CLANG_WARN_OBJC_IMPLICIT_RETAIN_SELF = YES;
				CLANG_WARN_OBJC_LITERAL_CONVERSION = YES;
				CLANG_WARN_OBJC_ROOT_CLASS = YES_ERROR;
				CLANG_WARN_QUOTED_INCLUDE_IN_FRAMEWORK_HEADER = YES;
				CLANG_WARN_RANGE_LOOP_ANALYSIS = YES;
				CLANG_WARN_STRICT_PROTOTYPES = YES;
				CLANG_WARN_SUSPICIOUS_MOVE = YES;
				CLANG_WARN_UNGUARDED_AVAILABILITY = YES_AGGRESSIVE;
				CLANG_WARN_UNREACHABLE_CODE = YES;
				CLANG_WARN__DUPLICATE_METHOD_MATCH = YES;
				COPY_PHASE_STRIP = NO;
				DEBUG_INFORMATION_FORMAT = dwarf;
				ENABLE_STRICT_OBJC_MSGSEND = YES;
				ENABLE_TESTABILITY = YES;
				ENABLE_USER_SCRIPT_SANDBOXING = YES;
				GCC_C_LANGUAGE_STANDARD = gnu17;
				GCC_DYNAMIC_NO_PIC = NO;
				GCC_NO_COMMON_BLOCKS = YES;
				GCC_OPTIMIZATION_LEVEL = 0;
				GCC_PREPROCESSOR_DEFINITIONS = (
					"DEBUG=1",
					"$(inherited)",
				);
				GCC_WARN_64_TO_32_BIT_CONVERSION = YES;
				GCC_WARN_ABOUT_RETURN_TYPE = YES_ERROR;
				GCC_WARN_UNDECLARED_SELECTOR = YES;
				GCC_WARN_UNINITIALIZED_AUTOS = YES_AGGRESSIVE;
				GCC_WARN_UNUSED_FUNCTION = YES;
				GCC_WARN_UNUSED_VARIABLE = YES;
				IPHONEOS_DEPLOYMENT_TARGET = 17.5;
				LOCALIZATION_PREFERS_STRING_CATALOGS = YES;
				MTL_ENABLE_DEBUG_INFO = INCLUDE_SOURCE;
				MTL_FAST_MATH = YES;
				ONLY_ACTIVE_ARCH = YES;
				SDKROOT = iphoneos;
				SWIFT_ACTIVE_COMPILATION_CONDITIONS = "DEBUG $(inherited)";
				SWIFT_OPTIMIZATION_LEVEL = "-Onone";
			};
			name = Debug;
		};
		6AB0A2492F1E56E400FA8738 /* Release */ = {
			isa = XCBuildConfiguration;
			buildSettings = {
				ALWAYS_SEARCH_USER_PATHS = NO;
				ASSETCATALOG_COMPILER_GENERATE_SWIFT_ASSET_SYMBOL_EXTENSIONS = YES;
				CLANG_ANALYZER_NONNULL = YES;
				CLANG_ANALYZER_NUMBER_OBJECT_CONVERSION = YES_AGGRESSIVE;
				CLANG_CXX_LANGUAGE_STANDARD = "gnu++20";
				CLANG_ENABLE_MODULES = YES;
				CLANG_ENABLE_OBJC_ARC = YES;
				CLANG_ENABLE_OBJC_WEAK = YES;
				CLANG_WARN_BLOCK_CAPTURE_AUTORELEASING = YES;
				CLANG_WARN_BOOL_CONVERSION = YES;
				CLANG_WARN_COMMA = YES;
				CLANG_WARN_CONSTANT_CONVERSION = YES;
				CLANG_WARN_DEPRECATED_OBJC_IMPLEMENTATIONS = YES;
				CLANG_WARN_DIRECT_OBJC_ISA_USAGE = YES_ERROR;
				CLANG_WARN_DOCUMENTATION_COMMENTS = YES;
				CLANG_WARN_EMPTY_BODY = YES;
				CLANG_WARN_ENUM_CONVERSION = YES;
				CLANG_WARN_INFINITE_RECURSION = YES;
				CLANG_WARN_INT_CONVERSION = YES;
				CLANG_WARN_NON_LITERAL_NULL_CONVERSION = YES;
				CLANG_WARN_OBJC_IMPLICIT_RETAIN_SELF = YES;
				CLANG_WARN_OBJC_LITERAL_CONVERSION = YES;
				CLANG_WARN_OBJC_ROOT_CLASS = YES_ERROR;
				CLANG_WARN_QUOTED_INCLUDE_IN_FRAMEWORK_HEADER = YES;
				CLANG_WARN_RANGE_LOOP_ANALYSIS = YES;
				CLANG_WARN_STRICT_PROTOTYPES = YES;
				CLANG_WARN_SUSPICIOUS_MOVE = YES;
				CLANG_WARN_UNGUARDED_AVAILABILITY = YES_AGGRESSIVE;
				CLANG_WARN_UNREACHABLE_CODE = YES;
				CLANG_WARN__DUPLICATE_METHOD_MATCH = YES;
				COPY_PHASE_STRIP = NO;
				DEBUG_INFORMATION_FORMAT = "dwarf-with-dsym";
				ENABLE_NS_ASSERTIONS = NO;
				ENABLE_STRICT_OBJC_MSGSEND = YES;
				ENABLE_USER_SCRIPT_SANDBOXING = YES;
				GCC_C_LANGUAGE_STANDARD = gnu17;
				GCC_NO_COMMON_BLOCKS = YES;
				GCC_WARN_64_TO_32_BIT_CONVERSION = YES;
				GCC_WARN_ABOUT_RETURN_TYPE = YES_ERROR;
				GCC_WARN_UNDECLARED_SELECTOR = YES;
				GCC_WARN_UNINITIALIZED_AUTOS = YES_AGGRESSIVE;
				GCC_WARN_UNUSED_FUNCTION = YES;
				GCC_WARN_UNUSED_VARIABLE = YES;
				IPHONEOS_DEPLOYMENT_TARGET = 17.5;
				LOCALIZATION_PREFERS_STRING_CATALOGS = YES;
				MTL_ENABLE_DEBUG_INFO = NO;
				MTL_FAST_MATH = YES;
				SDKROOT = iphoneos;
				SWIFT_COMPILATION_MODE = wholemodule;
				VALIDATE_PRODUCT = YES;
			};
			name = Release;
		};
		6AB0A24B2F1E56E400FA8738 /* Debug */ = {
			isa = XCBuildConfiguration;
			buildSettings = {
				ASSETCATALOG_COMPILER_APPICON_NAME = AppIcon;
				ASSETCATALOG_COMPILER_GLOBAL_ACCENT_COLOR_NAME = AccentColor;
				CODE_SIGN_STYLE = Automatic;
				CURRENT_PROJECT_VERSION = 1;
				DEVELOPMENT_ASSET_PATHS = "\"ApplicationSample/Preview Content\"";
				ENABLE_PREVIEWS = YES;
				GENERATE_INFOPLIST_FILE = YES;
				INFOPLIST_KEY_UIApplicationSceneManifest_Generation = YES;
				INFOPLIST_KEY_UIApplicationSupportsIndirectInputEvents = YES;
				INFOPLIST_KEY_UILaunchScreen_Generation = YES;
				INFOPLIST_KEY_UISupportedInterfaceOrientations_iPad = "UIInterfaceOrientationPortrait UIInterfaceOrientationPortraitUpsideDown UIInterfaceOrientationLandscapeLeft UIInterfaceOrientationLandscapeRight";
				INFOPLIST_KEY_UISupportedInterfaceOrientations_iPhone = "UIInterfaceOrientationPortrait UIInterfaceOrientationLandscapeLeft UIInterfaceOrientationLandscapeRight";
				LD_RUNPATH_SEARCH_PATHS = (
					"$(inherited)",
					"@executable_path/Frameworks",
				);
				MARKETING_VERSION = 1.0;
				PRODUCT_BUNDLE_IDENTIFIER = Synergym.ApplicationSample;
				PRODUCT_NAME = "$(TARGET_NAME)";
				SWIFT_EMIT_LOC_STRINGS = YES;
				SWIFT_VERSION = 5.0;
				TARGETED_DEVICE_FAMILY = "1,2";
			};
			name = Debug;
		};
		6AB0A24C2F1E56E400FA8738 /* Release */ = {
			isa = XCBuildConfiguration;
			buildSettings = {
				ASSETCATALOG_COMPILER_APPICON_NAME = AppIcon;
				ASSETCATALOG_COMPILER_GLOBAL_ACCENT_COLOR_NAME = AccentColor;
				CODE_SIGN_STYLE = Automatic;
				CURRENT_PROJECT_VERSION = 1;
				DEVELOPMENT_ASSET_PATHS = "\"ApplicationSample/Preview Content\"";
				ENABLE_PREVIEWS = YES;
				GENERATE_INFOPLIST_FILE = YES;
				INFOPLIST_KEY_UIApplicationSceneManifest_Generation = YES;
				INFOPLIST_KEY_UIApplicationSupportsIndirectInputEvents = YES;
				INFOPLIST_KEY_UILaunchScreen_Generation = YES;
				INFOPLIST_KEY_UISupportedInterfaceOrientations_iPad = "UIInterfaceOrientationPortrait UIInterfaceOrientationPortraitUpsideDown UIInterfaceOrientationLandscapeLeft UIInterfaceOrientationLandscapeRight";
				INFOPLIST_KEY_UISupportedInterfaceOrientations_iPhone = "UIInterfaceOrientationPortrait UIInterfaceOrientationLandscapeLeft UIInterfaceOrientationLandscapeRight";
				LD_RUNPATH_SEARCH_PATHS = (
					"$(inherited)",
					"@executable_path/Frameworks",
				);
				MARKETING_VERSION = 1.0;
				PRODUCT_BUNDLE_IDENTIFIER = Synergym.ApplicationSample;
				PRODUCT_NAME = "$(TARGET_NAME)";
				SWIFT_EMIT_LOC_STRINGS = YES;
				SWIFT_VERSION = 5.0;
				TARGETED_DEVICE_FAMILY = "1,2";
			};
			name = Release;
		};
		6AB0A24E2F1E56E400FA8738 /* Debug */ = {
			isa = XCBuildConfiguration;
			buildSettings = {
				ALWAYS_EMBED_SWIFT_STANDARD_LIBRARIES = YES;
				BUNDLE_LOADER = "$(TEST_HOST)";
				CODE_SIGN_STYLE = Automatic;
				CURRENT_PROJECT_VERSION = 1;
				GENERATE_INFOPLIST_FILE = YES;
				IPHONEOS_DEPLOYMENT_TARGET = 17.5;
				MARKETING_VERSION = 1.0;
				PRODUCT_BUNDLE_IDENTIFIER = Synergym.ApplicationSampleTests;
				PRODUCT_NAME = "$(TARGET_NAME)";
				SWIFT_EMIT_LOC_STRINGS = NO;
				SWIFT_VERSION = 5.0;
				TARGETED_DEVICE_FAMILY = "1,2";
				TEST_HOST = "$(BUILT_PRODUCTS_DIR)/ApplicationSample.app/$(BUNDLE_EXECUTABLE_FOLDER_PATH)/ApplicationSample";
			};
			name = Debug;
		};
		6AB0A24F2F1E56E400FA8738 /* Release */ = {
			isa = XCBuildConfiguration;
			buildSettings = {
				ALWAYS_EMBED_SWIFT_STANDARD_LIBRARIES = YES;
				BUNDLE_LOADER = "$(TEST_HOST)";
				CODE_SIGN_STYLE = Automatic;
				CURRENT_PROJECT_VERSION = 1;
				GENERATE_INFOPLIST_FILE = YES;
				IPHONEOS_DEPLOYMENT_TARGET = 17.5;
				MARKETING_VERSION = 1.0;
				PRODUCT_BUNDLE_IDENTIFIER = Synergym.ApplicationSampleTests;
				PRODUCT_NAME = "$(TARGET_NAME)";
				SWIFT_EMIT_LOC_STRINGS = NO;
				SWIFT_VERSION = 5.0;
				TARGETED_DEVICE_FAMILY = "1,2";
				TEST_HOST = "$(BUILT_PRODUCTS_DIR)/ApplicationSample.app/$(BUNDLE_EXECUTABLE_FOLDER_PATH)/ApplicationSample";
			};
			name = Release;
		};
		6AB0A2512F1E56E400FA8738 /* Debug */ = {
			isa = XCBuildConfiguration;
			buildSettings = {
				ALWAYS_EMBED_SWIFT_STANDARD_LIBRARIES = YES;
				CODE_SIGN_STYLE = Automatic;
				CURRENT_PROJECT_VERSION = 1;
				GENERATE_INFOPLIST_FILE = YES;
				MARKETING_VERSION = 1.0;
				PRODUCT_BUNDLE_IDENTIFIER = Synergym.ApplicationSampleUITests;
				PRODUCT_NAME = "$(TARGET_NAME)";
				SWIFT_EMIT_LOC_STRINGS = NO;
				SWIFT_VERSION = 5.0;
				TARGETED_DEVICE_FAMILY = "1,2";
				TEST_TARGET_NAME = ApplicationSample;
			};
			name = Debug;
		};
		6AB0A2522F1E56E400FA8738 /* Release */ = {
			isa = XCBuildConfiguration;
			buildSettings = {
				ALWAYS_EMBED_SWIFT_STANDARD_LIBRARIES = YES;
				CODE_SIGN_STYLE = Automatic;
				CURRENT_PROJECT_VERSION = 1;
				GENERATE_INFOPLIST_FILE = YES;
				MARKETING_VERSION = 1.0;
				PRODUCT_BUNDLE_IDENTIFIER = Synergym.ApplicationSampleUITests;
				PRODUCT_NAME = "$(TARGET_NAME)";
				SWIFT_EMIT_LOC_STRINGS = NO;
				SWIFT_VERSION = 5.0;
				TARGETED_DEVICE_FAMILY = "1,2";
				TEST_TARGET_NAME = ApplicationSample;
			};
			name = Release;
		};
/* End XCBuildConfiguration section */

/* Begin XCConfigurationList section */
		6AB0A2212F1E56E100FA8738 /* Build configuration list for PBXProject "ApplicationSample" */ = {
			isa = XCConfigurationList;
			buildConfigurations = (
				6AB0A2482F1E56E400FA8738 /* Debug */,
				6AB0A2492F1E56E400FA8738 /* Release */,
			);
			defaultConfigurationIsVisible = 0;
			defaultConfigurationName = Release;
		};
		6AB0A24A2F1E56E400FA8738 /* Build configuration list for PBXNativeTarget "ApplicationSample" */ = {
			isa = XCConfigurationList;
			buildConfigurations = (
				6AB0A24B2F1E56E400FA8738 /* Debug */,
				6AB0A24C2F1E56E400FA8738 /* Release */,
			);
			defaultConfigurationIsVisible = 0;
			defaultConfigurationName = Release;
		};
		6AB0A24D2F1E56E400FA8738 /* Build configuration list for PBXNativeTarget "ApplicationSampleTests" */ = {
			isa = XCConfigurationList;
			buildConfigurations = (
				6AB0A24E2F1E56E400FA8738 /* Debug */,
				6AB0A24F2F1E56E400FA8738 /* Release */,
			);
			defaultConfigurationIsVisible = 0;
			defaultConfigurationName = Release;
		};
		6AB0A2502F1E56E400FA8738 /* Build configuration list for PBXNativeTarget "ApplicationSampleUITests" */ = {
			isa = XCConfigurationList;
			buildConfigurations = (
				6AB0A2512F1E56E400FA8738 /* Debug */,
				6AB0A2522F1E56E400FA8738 /* Release */,
			);
			defaultConfigurationIsVisible = 0;
			defaultConfigurationName = Release;
		};
/* End XCConfigurationList section */
	};
	rootObject = 6AB0A21E2F1E56E100FA8738 /* Project object */;
}
